
Microsoft Visual Studio Solution File, Format Version 12.00
# Visual Studio Version 17
VisualStudioVersion = 17.12.35506.116
MinimumVisualStudioVersion = 10.0.40219.1
Project("{FAE04EC0-301F-11D3-BF4B-00C04F79EFBC}") = "BlazorApp", "BlazorApp\BlazorApp.csproj", "{3ED07C45-C1ED-4772-A365-3C8F767B85DA}"
EndProject
Project("{FAE04EC0-301F-11D3-BF4B-00C04F79EFBC}") = "Runner", "Runner\Runner.csproj", "{DB2F82E1-2245-47AA-8B74-C641DE41AAE3}"
EndProject
Global
	GlobalSection(SolutionConfigurationPlatforms) = preSolution
		Debug|Any CPU = Debug|Any CPU
		Release|Any CPU = Release|Any CPU
	EndGlobalSection
	GlobalSection(ProjectConfigurationPlatforms) = postSolution
		{3ED07C45-C1ED-4772-A365-3C8F767B85DA}.Debug|Any CPU.ActiveCfg = Debug|Any CPU
		{3ED07C45-C1ED-4772-A365-3C8F767B85DA}.Debug|Any CPU.Build.0 = Debug|Any CPU
		{3ED07C45-C1ED-4772-A365-3C8F767B85DA}.Release|Any CPU.ActiveCfg = Release|Any CPU
		{3ED07C45-C1ED-4772-A365-3C8F767B85DA}.Release|Any CPU.Build.0 = Release|Any CPU
		{DB2F82E1-2245-47AA-8B74-C641DE41AAE3}.Debug|Any CPU.ActiveCfg = Debug|Any CPU
		{DB2F82E1-2245-47AA-8B74-C641DE41AAE3}.Debug|Any CPU.Build.0 = Debug|Any CPU
		{DB2F82E1-2245-47AA-8B74-C641DE41AAE3}.Release|Any CPU.ActiveCfg = Release|Any CPU
		{DB2F82E1-2245-47AA-8B74-C641DE41AAE3}.Release|Any CPU.Build.0 = Release|Any CPU
	EndGlobalSection
	GlobalSection(SolutionProperties) = preSolution
		HideSolutionNode = FALSE
	EndGlobalSection
EndGlobal
